Microsoft Visual Studio Solution File, Format Version 12.00
# Visual Studio Version 17
VisualStudioVersion = 17.5.2.0
MinimumVisualStudioVersion = 10.0.40219.1
Project("{FAE04EC0-301F-11D3-BF4B-00C04F79EFBC}") = "bipapp", "bipapp.csproj", "{46BB63FA-D4DB-F520-843C-C85AA85338AA}"
EndProject
Global
	GlobalSection(SolutionConfigurationPlatforms) = preSolution
		Debug|Any CPU = Debug|Any CPU
		Release|Any CPU = Release|Any CPU
	EndGlobalSection
	GlobalSection(ProjectConfigurationPlatforms) = postSolution
		{46BB63FA-D4DB-F520-843C-C85AA85338AA}.Debug|Any CPU.ActiveCfg = Debug|Any CPU
		{46BB63FA-D4DB-F520-843C-C85AA85338AA}.Debug|Any CPU.Build.0 = Debug|Any CPU
		{46BB63FA-D4DB-F520-843C-C85AA85338AA}.Release|Any CPU.ActiveCfg = Release|Any CPU
		{46BB63FA-D4DB-F520-843C-C85AA85338AA}.Release|Any CPU.Build.0 = Release|Any CPU
	EndGlobalSection
	GlobalSection(SolutionProperties) = preSolution
		HideSolutionNode = FALSE
	EndGlobalSection
	GlobalSection(ExtensibilityGlobals) = postSolution
		SolutionGuid = {0E2BC4BE-B46B-480E-B9B3-0C10F49E032D}
	EndGlobalSection
EndGlobal
